
Microsoft Visual Studio Solution File, Format Version 12.00
# Visual Studio Version 17
VisualStudioVersion = 17.14.36623.8 d17.14
MinimumVisualStudioVersion = 10.0.40219.1
Project("{FAE04EC0-301F-11D3-BF4B-00C04F79EFBC}") = "SWAPFIT", "SWAPFIT\SWAPFIT.csproj", "{FA53C71A-77A5-4AC4-AB57-47882A377735}"
EndProject
Global
	GlobalSection(SolutionConfigurationPlatforms) = preSolution
		Debug|Any CPU = Debug|Any CPU
		Release|Any CPU = Release|Any CPU
	EndGlobalSection
	GlobalSection(ProjectConfigurationPlatforms) = postSolution
		{FA53C71A-77A5-4AC4-AB57-47882A377735}.Debug|Any CPU.ActiveCfg = Debug|Any CPU
		{FA53C71A-77A5-4AC4-AB57-47882A377735}.Debug|Any CPU.Build.0 = Debug|Any CPU
		{FA53C71A-77A5-4AC4-AB57-47882A377735}.Release|Any CPU.ActiveCfg = Release|Any CPU
		{FA53C71A-77A5-4AC4-AB57-47882A377735}.Release|Any CPU.Build.0 = Release|Any CPU
	EndGlobalSection
	GlobalSection(SolutionProperties) = preSolution
		HideSolutionNode = FALSE
	EndGlobalSection
	GlobalSection(ExtensibilityGlobals) = postSolution
		SolutionGuid = {BFB9A4F9-8677-44D5-9264-279DF8FF994E}
	EndGlobalSection
EndGlobal
